{
  "name": "gzealnb-utils",
  "version": "1.0.0",
  "lockfileVersion": 2,
  "requires": true,
  "packages": {
    "": {
      "name": "gzealnb-utils",
      "version": "1.0.0",
      "license": "ISC",
      "dependencies": {
        "gzealnb-utils": "^1.0.0"
      }
    },
    "node_modules/gzealnb-utils": {
      "version": "1.0.0",
      "resolved": "https://registry.npmjs.org/gzealnb-utils/-/gzealnb-utils-1.0.0.tgz",
      "integrity": "sha512-yQxU6Mb5tX4Zo3SGxLTRW5PkvzLE8dn0vdqZWNQGFM/QKaBQuGwexaCUHTu0gy8jPnuYCDTq5CyW9dKqqIB0kA=="
    }
  },
  "dependencies": {
    "gzealnb-utils": {
      "version": "1.0.0",
      "resolved": "https://registry.npmjs.org/gzealnb-utils/-/gzealnb-utils-1.0.0.tgz",
      "integrity": "sha512-yQxU6Mb5tX4Zo3SGxLTRW5PkvzLE8dn0vdqZWNQGFM/QKaBQuGwexaCUHTu0gy8jPnuYCDTq5CyW9dKqqIB0kA=="
    }
  }
}
